
Microsoft Visual Studio Solution File, Format Version 12.00
# Visual Studio Version 17
VisualStudioVersion = 17.4.33213.308
MinimumVisualStudioVersion = 10.0.40219.1
Project("{FAE04EC0-301F-11D3-BF4B-00C04F79EFBC}") = "PatientsWeb", "PatientsWeb\PatientsWeb.csproj", "{0E51197D-92BF-434C-9C58-8C3B4C662C75}"
EndProject
Global
	GlobalSection(SolutionConfigurationPlatforms) = preSolution
		Debug|Any CPU = Debug|Any CPU
		Release|Any CPU = Release|Any CPU
	EndGlobalSection
	GlobalSection(ProjectConfigurationPlatforms) = postSolution
		{0E51197D-92BF-434C-9C58-8C3B4C662C75}.Debug|Any CPU.ActiveCfg = Debug|Any CPU
		{0E51197D-92BF-434C-9C58-8C3B4C662C75}.Debug|Any CPU.Build.0 = Debug|Any CPU
		{0E51197D-92BF-434C-9C58-8C3B4C662C75}.Release|Any CPU.ActiveCfg = Release|Any CPU
		{0E51197D-92BF-434C-9C58-8C3B4C662C75}.Release|Any CPU.Build.0 = Release|Any CPU
	EndGlobalSection
	GlobalSection(SolutionProperties) = preSolution
		HideSolutionNode = FALSE
	EndGlobalSection
	GlobalSection(ExtensibilityGlobals) = postSolution
		SolutionGuid = {C3C40E5F-BFE1-4C97-B561-DC776E701B87}
	EndGlobalSection
EndGlobal
